
Microsoft Visual Studio Solution File, Format Version 12.00
Project("{FAE04EC0-301F-11D3-BF4B-00C04F79EFBC}") = "Dmm.Linux", "Dmm.Linux\Dmm.Linux.csproj", "{4043FE56-050A-4EB4-AF4F-508B10226332}"
EndProject
Project("{FAE04EC0-301F-11D3-BF4B-00C04F79EFBC}") = "Dmm.Core", "Dmm.Core\Dmm.Core.csproj", "{A4BDC40A-C018-418F-820B-862F84FE7D1A}"
EndProject
Project("{FAE04EC0-301F-11D3-BF4B-00C04F79EFBC}") = "Dmm.Tests", "Dmm.Tests\Dmm.Tests.csproj", "{B3E64CD6-C0FA-4046-8CBC-35B8859C58BC}"
EndProject
Global
	GlobalSection(SolutionConfigurationPlatforms) = preSolution
		Debug|Any CPU = Debug|Any CPU
		Release|Any CPU = Release|Any CPU
	EndGlobalSection
	GlobalSection(ProjectConfigurationPlatforms) = postSolution
		{4043FE56-050A-4EB4-AF4F-508B10226332}.Debug|Any CPU.ActiveCfg = Debug|Any CPU
		{4043FE56-050A-4EB4-AF4F-508B10226332}.Debug|Any CPU.Build.0 = Debug|Any CPU
		{4043FE56-050A-4EB4-AF4F-508B10226332}.Release|Any CPU.ActiveCfg = Release|Any CPU
		{4043FE56-050A-4EB4-AF4F-508B10226332}.Release|Any CPU.Build.0 = Release|Any CPU
		{A4BDC40A-C018-418F-820B-862F84FE7D1A}.Debug|Any CPU.ActiveCfg = Debug|Any CPU
		{A4BDC40A-C018-418F-820B-862F84FE7D1A}.Debug|Any CPU.Build.0 = Debug|Any CPU
		{A4BDC40A-C018-418F-820B-862F84FE7D1A}.Release|Any CPU.ActiveCfg = Release|Any CPU
		{A4BDC40A-C018-418F-820B-862F84FE7D1A}.Release|Any CPU.Build.0 = Release|Any CPU
		{B3E64CD6-C0FA-4046-8CBC-35B8859C58BC}.Debug|Any CPU.ActiveCfg = Debug|Any CPU
		{B3E64CD6-C0FA-4046-8CBC-35B8859C58BC}.Debug|Any CPU.Build.0 = Debug|Any CPU
		{B3E64CD6-C0FA-4046-8CBC-35B8859C58BC}.Release|Any CPU.ActiveCfg = Release|Any CPU
		{B3E64CD6-C0FA-4046-8CBC-35B8859C58BC}.Release|Any CPU.Build.0 = Release|Any CPU
	EndGlobalSection
EndGlobal
